# THIS IS AN AUTOGENERATED FILE. DO NOT EDIT THIS FILE DIRECTLY.
# yarn lockfile v1


gaudiamus-css@^1.2.7:
  version "1.2.7"
  resolved "https://registry.yarnpkg.com/gaudiamus-css/-/gaudiamus-css-1.2.7.tgz#22eab56e7529855b594731c775d18910f44b9f6d"
  integrity sha512-r+AFrDzCB+6jWWQMdB9c0Z3DTvhkiHFWHHX7sBFyW/lZv9hrshGC0UKrMhvlNUaytcCCMNgNDhFqjBGRC2l7ZA==

slim-js@^5.0.9:
  version "5.0.9"
  resolved "https://registry.yarnpkg.com/slim-js/-/slim-js-5.0.9.tgz#34c710d4dfa386a1422970fed1141b964c45a1e3"
  integrity sha512-O2UXsInSs0v/uLtvqZbX8X8ymPPkybv1HSCAkUmYJifPS9j/4aR8H0wEgLqER2jLNsXZRoi5GPOAuJ1A9WoGeg==
